
Microsoft Visual Studio Solution File, Format Version 12.00
# Visual Studio Version 16
VisualStudioVersion = 16.0.31112.23
MinimumVisualStudioVersion = 10.0.40219.1
Project("{FAE04EC0-301F-11D3-BF4B-00C04F79EFBC}") = "WPF16_Bind", "WPF16_Bind.csproj", "{550ED5A1-87B9-4C9D-9D80-5357D71C65A4}"
EndProject
Global
	GlobalSection(SolutionConfigurationPlatforms) = preSolution
		Debug|Any CPU = Debug|Any CPU
		Release|Any CPU = Release|Any CPU
	EndGlobalSection
	GlobalSection(ProjectConfigurationPlatforms) = postSolution
		{550ED5A1-87B9-4C9D-9D80-5357D71C65A4}.Debug|Any CPU.ActiveCfg = Debug|Any CPU
		{550ED5A1-87B9-4C9D-9D80-5357D71C65A4}.Debug|Any CPU.Build.0 = Debug|Any CPU
		{550ED5A1-87B9-4C9D-9D80-5357D71C65A4}.Release|Any CPU.ActiveCfg = Release|Any CPU
		{550ED5A1-87B9-4C9D-9D80-5357D71C65A4}.Release|Any CPU.Build.0 = Release|Any CPU
	EndGlobalSection
	GlobalSection(SolutionProperties) = preSolution
		HideSolutionNode = FALSE
	EndGlobalSection
	GlobalSection(ExtensibilityGlobals) = postSolution
		SolutionGuid = {1E603112-58FB-4BB5-9120-4CCBFA92E0D7}
	EndGlobalSection
EndGlobal
